
Microsoft Visual Studio Solution File, Format Version 12.00
# Visual Studio Version 17
VisualStudioVersion = 17.4.33205.214
MinimumVisualStudioVersion = 10.0.40219.1
Project("{FAE04EC0-301F-11D3-BF4B-00C04F79EFBC}") = "Const_Readonly", "Const_Readonly\Const_Readonly.csproj", "{0C5DA4CA-C5B9-43EA-9314-EF423E4250EB}"
EndProject
Global
	GlobalSection(SolutionConfigurationPlatforms) = preSolution
		Debug|Any CPU = Debug|Any CPU
		Release|Any CPU = Release|Any CPU
	EndGlobalSection
	GlobalSection(ProjectConfigurationPlatforms) = postSolution
		{0C5DA4CA-C5B9-43EA-9314-EF423E4250EB}.Debug|Any CPU.ActiveCfg = Debug|Any CPU
		{0C5DA4CA-C5B9-43EA-9314-EF423E4250EB}.Debug|Any CPU.Build.0 = Debug|Any CPU
		{0C5DA4CA-C5B9-43EA-9314-EF423E4250EB}.Release|Any CPU.ActiveCfg = Release|Any CPU
		{0C5DA4CA-C5B9-43EA-9314-EF423E4250EB}.Release|Any CPU.Build.0 = Release|Any CPU
	EndGlobalSection
	GlobalSection(SolutionProperties) = preSolution
		HideSolutionNode = FALSE
	EndGlobalSection
	GlobalSection(ExtensibilityGlobals) = postSolution
		SolutionGuid = {20E97935-BCA2-4CFD-A1F6-DEA7F4478629}
	EndGlobalSection
EndGlobal
